// !$*UTF8*$!
{
	archiveVersion = 1;
	classes = {
	};
	objectVersion = 50;
	objects = {

/* Begin PBXBuildFile section */
		8E88F54D23855D110088426B /* AppDelegate.swift in Sources */ = {isa = PBXBuildFile; fileRef = 8E88F54C23855D110088426B /* AppDelegate.swift */; };
		8E88F54F23855D110088426B /* SceneDelegate.swift in Sources */ = {isa = PBXBuildFile; fileRef = 8E88F54E23855D110088426B /* SceneDelegate.swift */; };
		8E88F55123855D110088426B /* LandmarkDetail.swift in Sources */ = {isa = PBXBuildFile; fileRef = 8E88F55023855D110088426B /* LandmarkDetail.swift */; };
		8E88F55323855D150088426B /* Assets.xcassets in Resources */ = {isa = PBXBuildFile; fileRef = 8E88F55223855D150088426B /* Assets.xcassets */; };
		8E88F55623855D150088426B /* Preview Assets.xcassets in Resources */ = {isa = PBXBuildFile; fileRef = 8E88F55523855D150088426B /* Preview Assets.xcassets */; };
		8E88F55923855D150088426B /* LaunchScreen.storyboard in Resources */ = {isa = PBXBuildFile; fileRef = 8E88F55723855D150088426B /* LaunchScreen.storyboard */; };
		8E88F56423855D160088426B /* LandmarksTests.swift in Sources */ = {isa = PBXBuildFile; fileRef = 8E88F56323855D160088426B /* LandmarksTests.swift */; };
		8E88F56F23855D160088426B /* LandmarksUITests.swift in Sources */ = {isa = PBXBuildFile; fileRef = 8E88F56E23855D160088426B /* LandmarksUITests.swift */; };
		8E88F57D238562960088426B /* CircleImage.swift in Sources */ = {isa = PBXBuildFile; fileRef = 8E88F57C238562960088426B /* CircleImage.swift */; };
		8E88F57F2385643C0088426B /* MapView.swift in Sources */ = {isa = PBXBuildFile; fileRef = 8E88F57E2385643C0088426B /* MapView.swift */; };
		8E88F59E238631BA0088426B /* Landmark.swift in Sources */ = {isa = PBXBuildFile; fileRef = 8E88F59D238631BA0088426B /* Landmark.swift */; };
		8E88F5A0238636620088426B /* LandmarkRow.swift in Sources */ = {isa = PBXBuildFile; fileRef = 8E88F59F238636620088426B /* LandmarkRow.swift */; };
		8E88F5A2238638FE0088426B /* Data.swift in Sources */ = {isa = PBXBuildFile; fileRef = 8E88F5A1238638FE0088426B /* Data.swift */; };
		8E88F5A423863E8E0088426B /* LandmarkList.swift in Sources */ = {isa = PBXBuildFile; fileRef = 8E88F5A323863E8E0088426B /* LandmarkList.swift */; };
		8E88F5A62386675D0088426B /* landmarkData.json in Resources */ = {isa = PBXBuildFile; fileRef = 8E88F5A52386675D0088426B /* landmarkData.json */; };
		8E88F5B3238669AF0088426B /* lakemcdonald.jpg in Resources */ = {isa = PBXBuildFile; fileRef = 8E88F5A7238669AF0088426B /* lakemcdonald.jpg */; };
		8E88F5B4238669AF0088426B /* chincoteague.jpg in Resources */ = {isa = PBXBuildFile; fileRef = 8E88F5A8238669AF0088426B /* chincoteague.jpg */; };
		8E88F5B5238669AF0088426B /* silversalmoncreek.jpg in Resources */ = {isa = PBXBuildFile; fileRef = 8E88F5A9238669AF0088426B /* silversalmoncreek.jpg */; };
		8E88F5B6238669AF0088426B /* charleyrivers.jpg in Resources */ = {isa = PBXBuildFile; fileRef = 8E88F5AA238669AF0088426B /* charleyrivers.jpg */; };
		8E88F5B7238669AF0088426B /* chilkoottrail.jpg in Resources */ = {isa = PBXBuildFile; fileRef = 8E88F5AB238669AF0088426B /* chilkoottrail.jpg */; };
		8E88F5B8238669AF0088426B /* icybay.jpg in Resources */ = {isa = PBXBuildFile; fileRef = 8E88F5AC238669AF0088426B /* icybay.jpg */; };
		8E88F5B9238669AF0088426B /* stmarylake.jpg in Resources */ = {isa = PBXBuildFile; fileRef = 8E88F5AD238669AF0088426B /* stmarylake.jpg */; };
		8E88F5BA238669AF0088426B /* twinlake.jpg in Resources */ = {isa = PBXBuildFile; fileRef = 8E88F5AE238669AF0088426B /* twinlake.jpg */; };
		8E88F5BB238669AF0088426B /* hiddenlake.jpg in Resources */ = {isa = PBXBuildFile; fileRef = 8E88F5AF238669AF0088426B /* hiddenlake.jpg */; };
		8E88F5BC238669AF0088426B /* rainbowlake.jpg in Resources */ = {isa = PBXBuildFile; fileRef = 8E88F5B0238669AF0088426B /* rainbowlake.jpg */; };
		8E88F5BD238669AF0088426B /* umbagog.jpg in Resources */ = {isa = PBXBuildFile; fileRef = 8E88F5B1238669AF0088426B /* umbagog.jpg */; };
		8E88F5BE238669AF0088426B /* turtlerock.jpg in Resources */ = {isa = PBXBuildFile; fileRef = 8E88F5B2238669AF0088426B /* turtlerock.jpg */; };
		8E88F5C023866C500088426B /* UserData.swift in Sources */ = {isa = PBXBuildFile; fileRef = 8E88F5BF23866C500088426B /* UserData.swift */; };
		8E88F5C22386AE560088426B /* Badge.swift in Sources */ = {isa = PBXBuildFile; fileRef = 8E88F5C12386AE560088426B /* Badge.swift */; };
		8E88F5C42386AE9C0088426B /* HexagonParameters.swift in Sources */ = {isa = PBXBuildFile; fileRef = 8E88F5C32386AE9C0088426B /* HexagonParameters.swift */; };
		8E88F5C62386B5AF0088426B /* BadgeBackground.swift in Sources */ = {isa = PBXBuildFile; fileRef = 8E88F5C52386B5AF0088426B /* BadgeBackground.swift */; };
		8E88F5C82386B6190088426B /* BadgeSymbol.swift in Sources */ = {isa = PBXBuildFile; fileRef = 8E88F5C72386B6190088426B /* BadgeSymbol.swift */; };
		8E88F5CA2386B66E0088426B /* RotatedBadgeSymbol.swift in Sources */ = {isa = PBXBuildFile; fileRef = 8E88F5C92386B66E0088426B /* RotatedBadgeSymbol.swift */; };
		8E88F5CE238773620088426B /* HikeView.swift in Sources */ = {isa = PBXBuildFile; fileRef = 8E88F5CD238773620088426B /* HikeView.swift */; };
		8E88F5D02387743A0088426B /* HikeDetail.swift in Sources */ = {isa = PBXBuildFile; fileRef = 8E88F5CF2387743A0088426B /* HikeDetail.swift */; };
		8E88F5D2238774780088426B /* Hike.swift in Sources */ = {isa = PBXBuildFile; fileRef = 8E88F5D1238774780088426B /* Hike.swift */; };
		8E88F5D4238774CD0088426B /* hikeData.json in Resources */ = {isa = PBXBuildFile; fileRef = 8E88F5D3238774CD0088426B /* hikeData.json */; };
		8E88F5D6238775250088426B /* HikeGraph.swift in Sources */ = {isa = PBXBuildFile; fileRef = 8E88F5D5238775240088426B /* HikeGraph.swift */; };
		8E88F5D8238775430088426B /* GraphCapsule.swift in Sources */ = {isa = PBXBuildFile; fileRef = 8E88F5D7238775430088426B /* GraphCapsule.swift */; };
		8E88F5DB23877E310088426B /* CategoryHome.swift in Sources */ = {isa = PBXBuildFile; fileRef = 8E88F5DA23877E310088426B /* CategoryHome.swift */; };
		8E88F5DD238782410088426B /* CategoryRow.swift in Sources */ = {isa = PBXBuildFile; fileRef = 8E88F5DC238782410088426B /* CategoryRow.swift */; };
		8E88F5E02387B0B50088426B /* ProfileHost.swift in Sources */ = {isa = PBXBuildFile; fileRef = 8E88F5DF2387B0B50088426B /* ProfileHost.swift */; };
		8E88F5E22387B7340088426B /* Profile.swift in Sources */ = {isa = PBXBuildFile; fileRef = 8E88F5E12387B7340088426B /* Profile.swift */; };
		8E88F5E42387B8730088426B /* ProfileSummary.swift in Sources */ = {isa = PBXBuildFile; fileRef = 8E88F5E32387B8730088426B /* ProfileSummary.swift */; };
		8E88F5E62387B9030088426B /* HikeBadge.swift in Sources */ = {isa = PBXBuildFile; fileRef = 8E88F5E52387B9030088426B /* HikeBadge.swift */; };
		8E88F5E82387BD520088426B /* ProfileEditor.swift in Sources */ = {isa = PBXBuildFile; fileRef = 8E88F5E72387BD520088426B /* ProfileEditor.swift */; };
/* End PBXBuildFile section */

/* Begin PBXContainerItemProxy section */
		8E88F56023855D160088426B /* PBXContainerItemProxy */ = {
			isa = PBXContainerItemProxy;
			containerPortal = 8E88F54123855D110088426B /* Project object */;
			proxyType = 1;
			remoteGlobalIDString = 8E88F54823855D110088426B;
			remoteInfo = Landmarks;
		};
		8E88F56B23855D160088426B /* PBXContainerItemProxy */ = {
			isa = PBXContainerItemProxy;
			containerPortal = 8E88F54123855D110088426B /* Project object */;
			proxyType = 1;
			remoteGlobalIDString = 8E88F54823855D110088426B;
			remoteInfo = Landmarks;
		};
/* End PBXContainerItemProxy section */

/* Begin PBXFileReference section */
		8E88F54923855D110088426B /* Landmarks.app */ = {isa = PBXFileReference; explicitFileType = wrapper.application; includeInIndex = 0; path = Landmarks.app; sourceTree = BUILT_PRODUCTS_DIR; };
		8E88F54C23855D110088426B /* AppDelegate.swift */ = {isa = PBXFileReference; lastKnownFileType = sourcecode.swift; path = AppDelegate.swift; sourceTree = "<group>"; };
		8E88F54E23855D110088426B /* SceneDelegate.swift */ = {isa = PBXFileReference; lastKnownFileType = sourcecode.swift; path = SceneDelegate.swift; sourceTree = "<group>"; };
		8E88F55023855D110088426B /* LandmarkDetail.swift */ = {isa = PBXFileReference; lastKnownFileType = sourcecode.swift; path = LandmarkDetail.swift; sourceTree = "<group>"; };
		8E88F55223855D150088426B /* Assets.xcassets */ = {isa = PBXFileReference; lastKnownFileType = folder.assetcatalog; path = Assets.xcassets; sourceTree = "<group>"; };
		8E88F55523855D150088426B /* Preview Assets.xcassets */ = {isa = PBXFileReference; lastKnownFileType = folder.assetcatalog; path = "Preview Assets.xcassets"; sourceTree = "<group>"; };
		8E88F55823855D150088426B /* Base */ = {isa = PBXFileReference; lastKnownFileType = file.storyboard; name = Base; path = Base.lproj/LaunchScreen.storyboard; sourceTree = "<group>"; };
		8E88F55A23855D150088426B /* Info.plist */ = {isa = PBXFileReference; lastKnownFileType = text.plist.xml; path = Info.plist; sourceTree = "<group>"; };
		8E88F55F23855D160088426B /* LandmarksTests.xctest */ = {isa = PBXFileReference; explicitFileType = wrapper.cfbundle; includeInIndex = 0; path = LandmarksTests.xctest; sourceTree = BUILT_PRODUCTS_DIR; };
		8E88F56323855D160088426B /* LandmarksTests.swift */ = {isa = PBXFileReference; lastKnownFileType = sourcecode.swift; path = LandmarksTests.swift; sourceTree = "<group>"; };
		8E88F56523855D160088426B /* Info.plist */ = {isa = PBXFileReference; lastKnownFileType = text.plist.xml; path = Info.plist; sourceTree = "<group>"; };
		8E88F56A23855D160088426B /* LandmarksUITests.xctest */ = {isa = PBXFileReference; explicitFileType = wrapper.cfbundle; includeInIndex = 0; path = LandmarksUITests.xctest; sourceTree = BUILT_PRODUCTS_DIR; };
		8E88F56E23855D160088426B /* LandmarksUITests.swift */ = {isa = PBXFileReference; lastKnownFileType = sourcecode.swift; path = LandmarksUITests.swift; sourceTree = "<group>"; };
		8E88F57023855D160088426B /* Info.plist */ = {isa = PBXFileReference; lastKnownFileType = text.plist.xml; path = Info.plist; sourceTree = "<group>"; };
		8E88F57C238562960088426B /* CircleImage.swift */ = {isa = PBXFileReference; lastKnownFileType = sourcecode.swift; path = CircleImage.swift; sourceTree = "<group>"; };
		8E88F57E2385643C0088426B /* MapView.swift */ = {isa = PBXFileReference; lastKnownFileType = sourcecode.swift; path = MapView.swift; sourceTree = "<group>"; };
		8E88F59D238631BA0088426B /* Landmark.swift */ = {isa = PBXFileReference; lastKnownFileType = sourcecode.swift; path = Landmark.swift; sourceTree = "<group>"; };
		8E88F59F238636620088426B /* LandmarkRow.swift */ = {isa = PBXFileReference; lastKnownFileType = sourcecode.swift; path = LandmarkRow.swift; sourceTree = "<group>"; };
		8E88F5A1238638FE0088426B /* Data.swift */ = {isa = PBXFileReference; fileEncoding = 4; lastKnownFileType = sourcecode.swift; path = Data.swift; sourceTree = "<group>"; };
		8E88F5A323863E8E0088426B /* LandmarkList.swift */ = {isa = PBXFileReference; lastKnownFileType = sourcecode.swift; path = LandmarkList.swift; sourceTree = "<group>"; };
		8E88F5A52386675D0088426B /* landmarkData.json */ = {isa = PBXFileReference; fileEncoding = 4; lastKnownFileType = text.json; path = landmarkData.json; sourceTree = "<group>"; };
		8E88F5A7238669AF0088426B /* lakemcdonald.jpg */ = {isa = PBXFileReference; lastKnownFileType = image.jpeg; path = lakemcdonald.jpg; sourceTree = "<group>"; };
		8E88F5A8238669AF0088426B /* chincoteague.jpg */ = {isa = PBXFileReference; lastKnownFileType = image.jpeg; path = chincoteague.jpg; sourceTree = "<group>"; };
		8E88F5A9238669AF0088426B /* silversalmoncreek.jpg */ = {isa = PBXFileReference; lastKnownFileType = image.jpeg; path = silversalmoncreek.jpg; sourceTree = "<group>"; };
		8E88F5AA238669AF0088426B /* charleyrivers.jpg */ = {isa = PBXFileReference; lastKnownFileType = image.jpeg; path = charleyrivers.jpg; sourceTree = "<group>"; };
		8E88F5AB238669AF0088426B /* chilkoottrail.jpg */ = {isa = PBXFileReference; lastKnownFileType = image.jpeg; path = chilkoottrail.jpg; sourceTree = "<group>"; };
		8E88F5AC238669AF0088426B /* icybay.jpg */ = {isa = PBXFileReference; lastKnownFileType = image.jpeg; path = icybay.jpg; sourceTree = "<group>"; };
		8E88F5AD238669AF0088426B /* stmarylake.jpg */ = {isa = PBXFileReference; lastKnownFileType = image.jpeg; path = stmarylake.jpg; sourceTree = "<group>"; };
		8E88F5AE238669AF0088426B /* twinlake.jpg */ = {isa = PBXFileReference; lastKnownFileType = image.jpeg; path = twinlake.jpg; sourceTree = "<group>"; };
		8E88F5AF238669AF0088426B /* hiddenlake.jpg */ = {isa = PBXFileReference; lastKnownFileType = image.jpeg; path = hiddenlake.jpg; sourceTree = "<group>"; };
		8E88F5B0238669AF0088426B /* rainbowlake.jpg */ = {isa = PBXFileReference; lastKnownFileType = image.jpeg; path = rainbowlake.jpg; sourceTree = "<group>"; };
		8E88F5B1238669AF0088426B /* umbagog.jpg */ = {isa = PBXFileReference; lastKnownFileType = image.jpeg; path = umbagog.jpg; sourceTree = "<group>"; };
		8E88F5B2238669AF0088426B /* turtlerock.jpg */ = {isa = PBXFileReference; lastKnownFileType = image.jpeg; path = turtlerock.jpg; sourceTree = "<group>"; };
		8E88F5BF23866C500088426B /* UserData.swift */ = {isa = PBXFileReference; lastKnownFileType = sourcecode.swift; path = UserData.swift; sourceTree = "<group>"; };
		8E88F5C12386AE560088426B /* Badge.swift */ = {isa = PBXFileReference; lastKnownFileType = sourcecode.swift; path = Badge.swift; sourceTree = "<group>"; };
		8E88F5C32386AE9C0088426B /* HexagonParameters.swift */ = {isa = PBXFileReference; lastKnownFileType = sourcecode.swift; path = HexagonParameters.swift; sourceTree = "<group>"; };
		8E88F5C52386B5AF0088426B /* BadgeBackground.swift */ = {isa = PBXFileReference; lastKnownFileType = sourcecode.swift; path = BadgeBackground.swift; sourceTree = "<group>"; };
		8E88F5C72386B6190088426B /* BadgeSymbol.swift */ = {isa = PBXFileReference; lastKnownFileType = sourcecode.swift; path = BadgeSymbol.swift; sourceTree = "<group>"; };
		8E88F5C92386B66E0088426B /* RotatedBadgeSymbol.swift */ = {isa = PBXFileReference; lastKnownFileType = sourcecode.swift; path = RotatedBadgeSymbol.swift; sourceTree = "<group>"; };
		8E88F5CD238773620088426B /* HikeView.swift */ = {isa = PBXFileReference; lastKnownFileType = sourcecode.swift; path = HikeView.swift; sourceTree = "<group>"; };
		8E88F5CF2387743A0088426B /* HikeDetail.swift */ = {isa = PBXFileReference; lastKnownFileType = sourcecode.swift; path = HikeDetail.swift; sourceTree = "<group>"; };
		8E88F5D1238774780088426B /* Hike.swift */ = {isa = PBXFileReference; lastKnownFileType = sourcecode.swift; path = Hike.swift; sourceTree = "<group>"; };
		8E88F5D3238774CD0088426B /* hikeData.json */ = {isa = PBXFileReference; fileEncoding = 4; lastKnownFileType = text.json; path = hikeData.json; sourceTree = "<group>"; };
		8E88F5D5238775240088426B /* HikeGraph.swift */ = {isa = PBXFileReference; lastKnownFileType = sourcecode.swift; path = HikeGraph.swift; sourceTree = "<group>"; };
		8E88F5D7238775430088426B /* GraphCapsule.swift */ = {isa = PBXFileReference; lastKnownFileType = sourcecode.swift; path = GraphCapsule.swift; sourceTree = "<group>"; };
		8E88F5DA23877E310088426B /* CategoryHome.swift */ = {isa = PBXFileReference; lastKnownFileType = sourcecode.swift; path = CategoryHome.swift; sourceTree = "<group>"; };
		8E88F5DC238782410088426B /* CategoryRow.swift */ = {isa = PBXFileReference; lastKnownFileType = sourcecode.swift; path = CategoryRow.swift; sourceTree = "<group>"; };
		8E88F5DF2387B0B50088426B /* ProfileHost.swift */ = {isa = PBXFileReference; lastKnownFileType = sourcecode.swift; path = ProfileHost.swift; sourceTree = "<group>"; };
		8E88F5E12387B7340088426B /* Profile.swift */ = {isa = PBXFileReference; lastKnownFileType = sourcecode.swift; path = Profile.swift; sourceTree = "<group>"; };
		8E88F5E32387B8730088426B /* ProfileSummary.swift */ = {isa = PBXFileReference; lastKnownFileType = sourcecode.swift; path = ProfileSummary.swift; sourceTree = "<group>"; };
		8E88F5E52387B9030088426B /* HikeBadge.swift */ = {isa = PBXFileReference; lastKnownFileType = sourcecode.swift; path = HikeBadge.swift; sourceTree = "<group>"; };
		8E88F5E72387BD520088426B /* ProfileEditor.swift */ = {isa = PBXFileReference; lastKnownFileType = sourcecode.swift; path = ProfileEditor.swift; sourceTree = "<group>"; };
/* End PBXFileReference section */

/* Begin PBXFrameworksBuildPhase section */
		8E88F54623855D110088426B /* Frameworks */ = {
			isa = PBXFrameworksBuildPhase;
			buildActionMask = 2147483647;
			files = (
			);
			runOnlyForDeploymentPostprocessing = 0;
		};
		8E88F55C23855D160088426B /* Frameworks */ = {
			isa = PBXFrameworksBuildPhase;
			buildActionMask = 2147483647;
			files = (
			);
			runOnlyForDeploymentPostprocessing = 0;
		};
		8E88F56723855D160088426B /* Frameworks */ = {
			isa = PBXFrameworksBuildPhase;
			buildActionMask = 2147483647;
			files = (
			);
			runOnlyForDeploymentPostprocessing = 0;
		};
/* End PBXFrameworksBuildPhase section */

/* Begin PBXGroup section */
		8E88F54023855D110088426B = {
			isa = PBXGroup;
			children = (
				8E88F54B23855D110088426B /* Landmarks */,
				8E88F56223855D160088426B /* LandmarksTests */,
				8E88F56D23855D160088426B /* LandmarksUITests */,
				8E88F54A23855D110088426B /* Products */,
			);
			sourceTree = "<group>";
		};
		8E88F54A23855D110088426B /* Products */ = {
			isa = PBXGroup;
			children = (
				8E88F54923855D110088426B /* Landmarks.app */,
				8E88F55F23855D160088426B /* LandmarksTests.xctest */,
				8E88F56A23855D160088426B /* LandmarksUITests.xctest */,
			);
			name = Products;
			sourceTree = "<group>";
		};
		8E88F54B23855D110088426B /* Landmarks */ = {
			isa = PBXGroup;
			children = (
				8E88F5DE2387B0950088426B /* Profile */,
				8E88F5D923877E090088426B /* CategoryHome */,
				8E88F5CC2386B7790088426B /* Animating Views and Transitions */,
				8E88F5CB2386B6A70088426B /* Drawing Paths and Shapes */,
				8E88F58223862BAC0088426B /* Resources */,
				8E88F58123862B510088426B /* Models */,
				8E88F58023862B380088426B /* Supporting Views */,
				8E88F54C23855D110088426B /* AppDelegate.swift */,
				8E88F54E23855D110088426B /* SceneDelegate.swift */,
				8E88F55023855D110088426B /* LandmarkDetail.swift */,
				8E88F5A323863E8E0088426B /* LandmarkList.swift */,
				8E88F55223855D150088426B /* Assets.xcassets */,
				8E88F55723855D150088426B /* LaunchScreen.storyboard */,
				8E88F55A23855D150088426B /* Info.plist */,
				8E88F55423855D150088426B /* Preview Content */,
			);
			path = Landmarks;
			sourceTree = "<group>";
		};
		8E88F55423855D150088426B /* Preview Content */ = {
			isa = PBXGroup;
			children = (
				8E88F55523855D150088426B /* Preview Assets.xcassets */,
			);
			path = "Preview Content";
			sourceTree = "<group>";
		};
		8E88F56223855D160088426B /* LandmarksTests */ = {
			isa = PBXGroup;
			children = (
				8E88F56323855D160088426B /* LandmarksTests.swift */,
				8E88F56523855D160088426B /* Info.plist */,
			);
			path = LandmarksTests;
			sourceTree = "<group>";
		};
		8E88F56D23855D160088426B /* LandmarksUITests */ = {
			isa = PBXGroup;
			children = (
				8E88F56E23855D160088426B /* LandmarksUITests.swift */,
				8E88F57023855D160088426B /* Info.plist */,
			);
			path = LandmarksUITests;
			sourceTree = "<group>";
		};
		8E88F58023862B380088426B /* Supporting Views */ = {
			isa = PBXGroup;
			children = (
				8E88F57C238562960088426B /* CircleImage.swift */,
				8E88F57E2385643C0088426B /* MapView.swift */,
				8E88F59F238636620088426B /* LandmarkRow.swift */,
				8E88F5D5238775240088426B /* HikeGraph.swift */,
				8E88F5D7238775430088426B /* GraphCapsule.swift */,
			);
			path = "Supporting Views";
			sourceTree = "<group>";
		};
		8E88F58123862B510088426B /* Models */ = {
			isa = PBXGroup;
			children = (
				8E88F59D238631BA0088426B /* Landmark.swift */,
				8E88F5A1238638FE0088426B /* Data.swift */,
				8E88F5BF23866C500088426B /* UserData.swift */,
				8E88F5D1238774780088426B /* Hike.swift */,
				8E88F5E12387B7340088426B /* Profile.swift */,
			);
			path = Models;
			sourceTree = "<group>";
		};
		8E88F58223862BAC0088426B /* Resources */ = {
			isa = PBXGroup;
			children = (
				8E88F5A52386675D0088426B /* landmarkData.json */,
				8E88F5D3238774CD0088426B /* hikeData.json */,
				8E88F5AA238669AF0088426B /* charleyrivers.jpg */,
				8E88F5AB238669AF0088426B /* chilkoottrail.jpg */,
				8E88F5A8238669AF0088426B /* chincoteague.jpg */,
				8E88F5AF238669AF0088426B /* hiddenlake.jpg */,
				8E88F5AC238669AF0088426B /* icybay.jpg */,
				8E88F5A7238669AF0088426B /* lakemcdonald.jpg */,
				8E88F5B0238669AF0088426B /* rainbowlake.jpg */,
				8E88F5A9238669AF0088426B /* silversalmoncreek.jpg */,
				8E88F5AD238669AF0088426B /* stmarylake.jpg */,
				8E88F5B2238669AF0088426B /* turtlerock.jpg */,
				8E88F5AE238669AF0088426B /* twinlake.jpg */,
				8E88F5B1238669AF0088426B /* umbagog.jpg */,
			);
			path = Resources;
			sourceTree = "<group>";
		};
		8E88F5CB2386B6A70088426B /* Drawing Paths and Shapes */ = {
			isa = PBXGroup;
			children = (
				8E88F5C12386AE560088426B /* Badge.swift */,
				8E88F5C32386AE9C0088426B /* HexagonParameters.swift */,
				8E88F5C52386B5AF0088426B /* BadgeBackground.swift */,
				8E88F5C72386B6190088426B /* BadgeSymbol.swift */,
				8E88F5C92386B66E0088426B /* RotatedBadgeSymbol.swift */,
			);
			path = "Drawing Paths and Shapes";
			sourceTree = "<group>";
		};
		8E88F5CC2386B7790088426B /* Animating Views and Transitions */ = {
			isa = PBXGroup;
			children = (
				8E88F5CD238773620088426B /* HikeView.swift */,
				8E88F5CF2387743A0088426B /* HikeDetail.swift */,
				8E88F5E52387B9030088426B /* HikeBadge.swift */,
			);
			path = "Animating Views and Transitions";
			sourceTree = "<group>";
		};
		8E88F5D923877E090088426B /* CategoryHome */ = {
			isa = PBXGroup;
			children = (
				8E88F5DA23877E310088426B /* CategoryHome.swift */,
				8E88F5DC238782410088426B /* CategoryRow.swift */,
			);
			path = CategoryHome;
			sourceTree = "<group>";
		};
		8E88F5DE2387B0950088426B /* Profile */ = {
			isa = PBXGroup;
			children = (
				8E88F5DF2387B0B50088426B /* ProfileHost.swift */,
				8E88F5E32387B8730088426B /* ProfileSummary.swift */,
				8E88F5E72387BD520088426B /* ProfileEditor.swift */,
			);
			path = Profile;
			sourceTree = "<group>";
		};
/* End PBXGroup section */

/* Begin PBXNativeTarget section */
		8E88F54823855D110088426B /* Landmarks */ = {
			isa = PBXNativeTarget;
			buildConfigurationList = 8E88F57323855D160088426B /* Build configuration list for PBXNativeTarget "Landmarks" */;
			buildPhases = (
				8E88F54523855D110088426B /* Sources */,
				8E88F54623855D110088426B /* Frameworks */,
				8E88F54723855D110088426B /* Resources */,
			);
			buildRules = (
			);
			dependencies = (
			);
			name = Landmarks;
			productName = Landmarks;
			productReference = 8E88F54923855D110088426B /* Landmarks.app */;
			productType = "com.apple.product-type.application";
		};
		8E88F55E23855D160088426B /* LandmarksTests */ = {
			isa = PBXNativeTarget;
			buildConfigurationList = 8E88F57623855D160088426B /* Build configuration list for PBXNativeTarget "LandmarksTests" */;
			buildPhases = (
				8E88F55B23855D160088426B /* Sources */,
				8E88F55C23855D160088426B /* Frameworks */,
				8E88F55D23855D160088426B /* Resources */,
			);
			buildRules = (
			);
			dependencies = (
				8E88F56123855D160088426B /* PBXTargetDependency */,
			);
			name = LandmarksTests;
			productName = LandmarksTests;
			productReference = 8E88F55F23855D160088426B /* LandmarksTests.xctest */;
			productType = "com.apple.product-type.bundle.unit-test";
		};
		8E88F56923855D160088426B /* LandmarksUITests */ = {
			isa = PBXNativeTarget;
			buildConfigurationList = 8E88F57923855D160088426B /* Build configuration list for PBXNativeTarget "LandmarksUITests" */;
			buildPhases = (
				8E88F56623855D160088426B /* Sources */,
				8E88F56723855D160088426B /* Frameworks */,
				8E88F56823855D160088426B /* Resources */,
			);
			buildRules = (
			);
			dependencies = (
				8E88F56C23855D160088426B /* PBXTargetDependency */,
			);
			name = LandmarksUITests;
			productName = LandmarksUITests;
			productReference = 8E88F56A23855D160088426B /* LandmarksUITests.xctest */;
			productType = "com.apple.product-type.bundle.ui-testing";
		};
/* End PBXNativeTarget section */

/* Begin PBXProject section */
		8E88F54123855D110088426B /* Project object */ = {
			isa = PBXProject;
			attributes = {
				LastSwiftUpdateCheck = 1120;
				LastUpgradeCheck = 1120;
				ORGANIZATIONNAME = xuqidong;
				TargetAttributes = {
					8E88F54823855D110088426B = {
						CreatedOnToolsVersion = 11.2.1;
					};
					8E88F55E23855D160088426B = {
						CreatedOnToolsVersion = 11.2.1;
						TestTargetID = 8E88F54823855D110088426B;
					};
					8E88F56923855D160088426B = {
						CreatedOnToolsVersion = 11.2.1;
						TestTargetID = 8E88F54823855D110088426B;
					};
				};
			};
			buildConfigurationList = 8E88F54423855D110088426B /* Build configuration list for PBXProject "Landmarks" */;
			compatibilityVersion = "Xcode 9.3";
			developmentRegion = en;
			hasScannedForEncodings = 0;
			knownRegions = (
				en,
				Base,
			);
			mainGroup = 8E88F54023855D110088426B;
			productRefGroup = 8E88F54A23855D110088426B /* Products */;
			projectDirPath = "";
			projectRoot = "";
			targets = (
				8E88F54823855D110088426B /* Landmarks */,
				8E88F55E23855D160088426B /* LandmarksTests */,
				8E88F56923855D160088426B /* LandmarksUITests */,
			);
		};
/* End PBXProject section */

/* Begin PBXResourcesBuildPhase section */
		8E88F54723855D110088426B /* Resources */ = {
			isa = PBXResourcesBuildPhase;
			buildActionMask = 2147483647;
			files = (
				8E88F5B4238669AF0088426B /* chincoteague.jpg in Resources */,
				8E88F5BB238669AF0088426B /* hiddenlake.jpg in Resources */,
				8E88F5D4238774CD0088426B /* hikeData.json in Resources */,
				8E88F5B7238669AF0088426B /* chilkoottrail.jpg in Resources */,
				8E88F55923855D150088426B /* LaunchScreen.storyboard in Resources */,
				8E88F5B3238669AF0088426B /* lakemcdonald.jpg in Resources */,
				8E88F5B6238669AF0088426B /* charleyrivers.jpg in Resources */,
				8E88F55623855D150088426B /* Preview Assets.xcassets in Resources */,
				8E88F5BC238669AF0088426B /* rainbowlake.jpg in Resources */,
				8E88F5BA238669AF0088426B /* twinlake.jpg in Resources */,
				8E88F5BD238669AF0088426B /* umbagog.jpg in Resources */,
				8E88F5B5238669AF0088426B /* silversalmoncreek.jpg in Resources */,
				8E88F55323855D150088426B /* Assets.xcassets in Resources */,
				8E88F5BE238669AF0088426B /* turtlerock.jpg in Resources */,
				8E88F5B8238669AF0088426B /* icybay.jpg in Resources */,
				8E88F5B9238669AF0088426B /* stmarylake.jpg in Resources */,
				8E88F5A62386675D0088426B /* landmarkData.json in Resources */,
			);
			runOnlyForDeploymentPostprocessing = 0;
		};
		8E88F55D23855D160088426B /* Resources */ = {
			isa = PBXResourcesBuildPhase;
			buildActionMask = 2147483647;
			files = (
			);
			runOnlyForDeploymentPostprocessing = 0;
		};
		8E88F56823855D160088426B /* Resources */ = {
			isa = PBXResourcesBuildPhase;
			buildActionMask = 2147483647;
			files = (
			);
			runOnlyForDeploymentPostprocessing = 0;
		};
/* End PBXResourcesBuildPhase section */

/* Begin PBXSourcesBuildPhase section */
		8E88F54523855D110088426B /* Sources */ = {
			isa = PBXSourcesBuildPhase;
			buildActionMask = 2147483647;
			files = (
				8E88F5DD238782410088426B /* CategoryRow.swift in Sources */,
				8E88F5E22387B7340088426B /* Profile.swift in Sources */,
				8E88F5D8238775430088426B /* GraphCapsule.swift in Sources */,
				8E88F5DB23877E310088426B /* CategoryHome.swift in Sources */,
				8E88F5E02387B0B50088426B /* ProfileHost.swift in Sources */,
				8E88F54D23855D110088426B /* AppDelegate.swift in Sources */,
				8E88F57D238562960088426B /* CircleImage.swift in Sources */,
				8E88F5C22386AE560088426B /* Badge.swift in Sources */,
				8E88F5C42386AE9C0088426B /* HexagonParameters.swift in Sources */,
				8E88F5D6238775250088426B /* HikeGraph.swift in Sources */,
				8E88F57F2385643C0088426B /* MapView.swift in Sources */,
				8E88F5CE238773620088426B /* HikeView.swift in Sources */,
				8E88F5D2238774780088426B /* Hike.swift in Sources */,
				8E88F54F23855D110088426B /* SceneDelegate.swift in Sources */,
				8E88F5A423863E8E0088426B /* LandmarkList.swift in Sources */,
				8E88F5D02387743A0088426B /* HikeDetail.swift in Sources */,
				8E88F5E62387B9030088426B /* HikeBadge.swift in Sources */,
				8E88F5C82386B6190088426B /* BadgeSymbol.swift in Sources */,
				8E88F5CA2386B66E0088426B /* RotatedBadgeSymbol.swift in Sources */,
				8E88F55123855D110088426B /* LandmarkDetail.swift in Sources */,
				8E88F5C62386B5AF0088426B /* BadgeBackground.swift in Sources */,
				8E88F5A0238636620088426B /* LandmarkRow.swift in Sources */,
				8E88F59E238631BA0088426B /* Landmark.swift in Sources */,
				8E88F5E42387B8730088426B /* ProfileSummary.swift in Sources */,
				8E88F5C023866C500088426B /* UserData.swift in Sources */,
				8E88F5A2238638FE0088426B /* Data.swift in Sources */,
				8E88F5E82387BD520088426B /* ProfileEditor.swift in Sources */,
			);
			runOnlyForDeploymentPostprocessing = 0;
		};
		8E88F55B23855D160088426B /* Sources */ = {
			isa = PBXSourcesBuildPhase;
			buildActionMask = 2147483647;
			files = (
				8E88F56423855D160088426B /* LandmarksTests.swift in Sources */,
			);
			runOnlyForDeploymentPostprocessing = 0;
		};
		8E88F56623855D160088426B /* Sources */ = {
			isa = PBXSourcesBuildPhase;
			buildActionMask = 2147483647;
			files = (
				8E88F56F23855D160088426B /* LandmarksUITests.swift in Sources */,
			);
			runOnlyForDeploymentPostprocessing = 0;
		};
/* End PBXSourcesBuildPhase section */

/* Begin PBXTargetDependency section */
		8E88F56123855D160088426B /* PBXTargetDependency */ = {
			isa = PBXTargetDependency;
			target = 8E88F54823855D110088426B /* Landmarks */;
			targetProxy = 8E88F56023855D160088426B /* PBXContainerItemProxy */;
		};
		8E88F56C23855D160088426B /* PBXTargetDependency */ = {
			isa = PBXTargetDependency;
			target = 8E88F54823855D110088426B /* Landmarks */;
			targetProxy = 8E88F56B23855D160088426B /* PBXContainerItemProxy */;
		};
/* End PBXTargetDependency section */

/* Begin PBXVariantGroup section */
		8E88F55723855D150088426B /* LaunchScreen.storyboard */ = {
			isa = PBXVariantGroup;
			children = (
				8E88F55823855D150088426B /* Base */,
			);
			name = LaunchScreen.storyboard;
			sourceTree = "<group>";
		};
/* End PBXVariantGroup section */

/* Begin XCBuildConfiguration section */
		8E88F57123855D160088426B /* Debug */ = {
			isa = XCBuildConfiguration;
			buildSettings = {
				ALWAYS_SEARCH_USER_PATHS = NO;
				CLANG_ANALYZER_NONNULL = YES;
				CLANG_ANALYZER_NUMBER_OBJECT_CONVERSION = YES_AGGRESSIVE;
				CLANG_CXX_LANGUAGE_STANDARD = "gnu++14";
				CLANG_CXX_LIBRARY = "libc++";
				CLANG_ENABLE_MODULES = YES;
				CLANG_ENABLE_OBJC_ARC = YES;
				CLANG_ENABLE_OBJC_WEAK = YES;
				CLANG_WARN_BLOCK_CAPTURE_AUTORELEASING = YES;
				CLANG_WARN_BOOL_CONVERSION = YES;
				CLANG_WARN_COMMA = YES;
				CLANG_WARN_CONSTANT_CONVERSION = YES;
				CLANG_WARN_DEPRECATED_OBJC_IMPLEMENTATIONS = YES;
				CLANG_WARN_DIRECT_OBJC_ISA_USAGE = YES_ERROR;
				CLANG_WARN_DOCUMENTATION_COMMENTS = YES;
				CLANG_WARN_EMPTY_BODY = YES;
				CLANG_WARN_ENUM_CONVERSION = YES;
				CLANG_WARN_INFINITE_RECURSION = YES;
				CLANG_WARN_INT_CONVERSION = YES;
				CLANG_WARN_NON_LITERAL_NULL_CONVERSION = YES;
				CLANG_WARN_OBJC_IMPLICIT_RETAIN_SELF = YES;
				CLANG_WARN_OBJC_LITERAL_CONVERSION = YES;
				CLANG_WARN_OBJC_ROOT_CLASS = YES_ERROR;
				CLANG_WARN_RANGE_LOOP_ANALYSIS = YES;
				CLANG_WARN_STRICT_PROTOTYPES = YES;
				CLANG_WARN_SUSPICIOUS_MOVE = YES;
				CLANG_WARN_UNGUARDED_AVAILABILITY = YES_AGGRESSIVE;
				CLANG_WARN_UNREACHABLE_CODE = YES;
				CLANG_WARN__DUPLICATE_METHOD_MATCH = YES;
				COPY_PHASE_STRIP = NO;
				DEBUG_INFORMATION_FORMAT = dwarf;
				ENABLE_STRICT_OBJC_MSGSEND = YES;
				ENABLE_TESTABILITY = YES;
				GCC_C_LANGUAGE_STANDARD = gnu11;
				GCC_DYNAMIC_NO_PIC = NO;
				GCC_NO_COMMON_BLOCKS = YES;
				GCC_OPTIMIZATION_LEVEL = 0;
				GCC_PREPROCESSOR_DEFINITIONS = (
					"DEBUG=1",
					"$(inherited)",
				);
				GCC_WARN_64_TO_32_BIT_CONVERSION = YES;
				GCC_WARN_ABOUT_RETURN_TYPE = YES_ERROR;
				GCC_WARN_UNDECLARED_SELECTOR = YES;
				GCC_WARN_UNINITIALIZED_AUTOS = YES_AGGRESSIVE;
				GCC_WARN_UNUSED_FUNCTION = YES;
				GCC_WARN_UNUSED_VARIABLE = YES;
				IPHONEOS_DEPLOYMENT_TARGET = 13.2;
				MTL_ENABLE_DEBUG_INFO = INCLUDE_SOURCE;
				MTL_FAST_MATH = YES;
				ONLY_ACTIVE_ARCH = YES;
				SDKROOT = iphoneos;
				SWIFT_ACTIVE_COMPILATION_CONDITIONS = DEBUG;
				SWIFT_OPTIMIZATION_LEVEL = "-Onone";
			};
			name = Debug;
		};
		8E88F57223855D160088426B /* Release */ = {
			isa = XCBuildConfiguration;
			buildSettings = {
				ALWAYS_SEARCH_USER_PATHS = NO;
				CLANG_ANALYZER_NONNULL = YES;
				CLANG_ANALYZER_NUMBER_OBJECT_CONVERSION = YES_AGGRESSIVE;
				CLANG_CXX_LANGUAGE_STANDARD = "gnu++14";
				CLANG_CXX_LIBRARY = "libc++";
				CLANG_ENABLE_MODULES = YES;
				CLANG_ENABLE_OBJC_ARC = YES;
				CLANG_ENABLE_OBJC_WEAK = YES;
				CLANG_WARN_BLOCK_CAPTURE_AUTORELEASING = YES;
				CLANG_WARN_BOOL_CONVERSION = YES;
				CLANG_WARN_COMMA = YES;
				CLANG_WARN_CONSTANT_CONVERSION = YES;
				CLANG_WARN_DEPRECATED_OBJC_IMPLEMENTATIONS = YES;
				CLANG_WARN_DIRECT_OBJC_ISA_USAGE = YES_ERROR;
				CLANG_WARN_DOCUMENTATION_COMMENTS = YES;
				CLANG_WARN_EMPTY_BODY = YES;
				CLANG_WARN_ENUM_CONVERSION = YES;
				CLANG_WARN_INFINITE_RECURSION = YES;
				CLANG_WARN_INT_CONVERSION = YES;
				CLANG_WARN_NON_LITERAL_NULL_CONVERSION = YES;
				CLANG_WARN_OBJC_IMPLICIT_RETAIN_SELF = YES;
				CLANG_WARN_OBJC_LITERAL_CONVERSION = YES;
				CLANG_WARN_OBJC_ROOT_CLASS = YES_ERROR;
				CLANG_WARN_RANGE_LOOP_ANALYSIS = YES;
				CLANG_WARN_STRICT_PROTOTYPES = YES;
				CLANG_WARN_SUSPICIOUS_MOVE = YES;
				CLANG_WARN_UNGUARDED_AVAILABILITY = YES_AGGRESSIVE;
				CLANG_WARN_UNREACHABLE_CODE = YES;
				CLANG_WARN__DUPLICATE_METHOD_MATCH = YES;
				COPY_PHASE_STRIP = NO;
				DEBUG_INFORMATION_FORMAT = "dwarf-with-dsym";
				ENABLE_NS_ASSERTIONS = NO;
				ENABLE_STRICT_OBJC_MSGSEND = YES;
				GCC_C_LANGUAGE_STANDARD = gnu11;
				GCC_NO_COMMON_BLOCKS = YES;
				GCC_WARN_64_TO_32_BIT_CONVERSION = YES;
				GCC_WARN_ABOUT_RETURN_TYPE = YES_ERROR;
				GCC_WARN_UNDECLARED_SELECTOR = YES;
				GCC_WARN_UNINITIALIZED_AUTOS = YES_AGGRESSIVE;
				GCC_WARN_UNUSED_FUNCTION = YES;
				GCC_WARN_UNUSED_VARIABLE = YES;
				IPHONEOS_DEPLOYMENT_TARGET = 13.2;
				MTL_ENABLE_DEBUG_INFO = NO;
				MTL_FAST_MATH = YES;
				SDKROOT = iphoneos;
				SWIFT_COMPILATION_MODE = wholemodule;
				SWIFT_OPTIMIZATION_LEVEL = "-O";
				VALIDATE_PRODUCT = YES;
			};
			name = Release;
		};
		8E88F57423855D160088426B /* Debug */ = {
			isa = XCBuildConfiguration;
			buildSettings = {
				ASSETCATALOG_COMPILER_APPICON_NAME = AppIcon;
				CODE_SIGN_STYLE = Automatic;
				DEVELOPMENT_ASSET_PATHS = "\"Landmarks/Preview Content\"";
				ENABLE_PREVIEWS = YES;
				INFOPLIST_FILE = Landmarks/Info.plist;
				LD_RUNPATH_SEARCH_PATHS = (
					"$(inherited)",
					"@executable_path/Frameworks",
				);
				PRODUCT_BUNDLE_IDENTIFIER = xuqidong.Landmarks;
				PRODUCT_NAME = "$(TARGET_NAME)";
				SWIFT_VERSION = 5.0;
				TARGETED_DEVICE_FAMILY = "1,2";
			};
			name = Debug;
		};
		8E88F57523855D160088426B /* Release */ = {
			isa = XCBuildConfiguration;
			buildSettings = {
				ASSETCATALOG_COMPILER_APPICON_NAME = AppIcon;
				CODE_SIGN_STYLE = Automatic;
				DEVELOPMENT_ASSET_PATHS = "\"Landmarks/Preview Content\"";
				ENABLE_PREVIEWS = YES;
				INFOPLIST_FILE = Landmarks/Info.plist;
				LD_RUNPATH_SEARCH_PATHS = (
					"$(inherited)",
					"@executable_path/Frameworks",
				);
				PRODUCT_BUNDLE_IDENTIFIER = xuqidong.Landmarks;
				PRODUCT_NAME = "$(TARGET_NAME)";
				SWIFT_VERSION = 5.0;
				TARGETED_DEVICE_FAMILY = "1,2";
			};
			name = Release;
		};
		8E88F57723855D160088426B /* Debug */ = {
			isa = XCBuildConfiguration;
			buildSettings = {
				ALWAYS_EMBED_SWIFT_STANDARD_LIBRARIES = YES;
				BUNDLE_LOADER = "$(TEST_HOST)";
				CODE_SIGN_STYLE = Automatic;
				INFOPLIST_FILE = LandmarksTests/Info.plist;
				IPHONEOS_DEPLOYMENT_TARGET = 13.2;
				LD_RUNPATH_SEARCH_PATHS = (
					"$(inherited)",
					"@executable_path/Frameworks",
					"@loader_path/Frameworks",
				);
				PRODUCT_BUNDLE_IDENTIFIER = xuqidong.LandmarksTests;
				PRODUCT_NAME = "$(TARGET_NAME)";
				SWIFT_VERSION = 5.0;
				TARGETED_DEVICE_FAMILY = "1,2";
				TEST_HOST = "$(BUILT_PRODUCTS_DIR)/Landmarks.app/Landmarks";
			};
			name = Debug;
		};
		8E88F57823855D160088426B /* Release */ = {
			isa = XCBuildConfiguration;
			buildSettings = {
				ALWAYS_EMBED_SWIFT_STANDARD_LIBRARIES = YES;
				BUNDLE_LOADER = "$(TEST_HOST)";
				CODE_SIGN_STYLE = Automatic;
				INFOPLIST_FILE = LandmarksTests/Info.plist;
				IPHONEOS_DEPLOYMENT_TARGET = 13.2;
				LD_RUNPATH_SEARCH_PATHS = (
					"$(inherited)",
					"@executable_path/Frameworks",
					"@loader_path/Frameworks",
				);
				PRODUCT_BUNDLE_IDENTIFIER = xuqidong.LandmarksTests;
				PRODUCT_NAME = "$(TARGET_NAME)";
				SWIFT_VERSION = 5.0;
				TARGETED_DEVICE_FAMILY = "1,2";
				TEST_HOST = "$(BUILT_PRODUCTS_DIR)/Landmarks.app/Landmarks";
			};
			name = Release;
		};
		8E88F57A23855D160088426B /* Debug */ = {
			isa = XCBuildConfiguration;
			buildSettings = {
				ALWAYS_EMBED_SWIFT_STANDARD_LIBRARIES = YES;
				CODE_SIGN_STYLE = Automatic;
				INFOPLIST_FILE = LandmarksUITests/Info.plist;
				LD_RUNPATH_SEARCH_PATHS = (
					"$(inherited)",
					"@executable_path/Frameworks",
					"@loader_path/Frameworks",
				);
				PRODUCT_BUNDLE_IDENTIFIER = xuqidong.LandmarksUITests;
				PRODUCT_NAME = "$(TARGET_NAME)";
				SWIFT_VERSION = 5.0;
				TARGETED_DEVICE_FAMILY = "1,2";
				TEST_TARGET_NAME = Landmarks;
			};
			name = Debug;
		};
		8E88F57B23855D160088426B /* Release */ = {
			isa = XCBuildConfiguration;
			buildSettings = {
				ALWAYS_EMBED_SWIFT_STANDARD_LIBRARIES = YES;
				CODE_SIGN_STYLE = Automatic;
				INFOPLIST_FILE = LandmarksUITests/Info.plist;
				LD_RUNPATH_SEARCH_PATHS = (
					"$(inherited)",
					"@executable_path/Frameworks",
					"@loader_path/Frameworks",
				);
				PRODUCT_BUNDLE_IDENTIFIER = xuqidong.LandmarksUITests;
				PRODUCT_NAME = "$(TARGET_NAME)";
				SWIFT_VERSION = 5.0;
				TARGETED_DEVICE_FAMILY = "1,2";
				TEST_TARGET_NAME = Landmarks;
			};
			name = Release;
		};
/* End XCBuildConfiguration section */

/* Begin XCConfigurationList section */
		8E88F54423855D110088426B /* Build configuration list for PBXProject "Landmarks" */ = {
			isa = XCConfigurationList;
			buildConfigurations = (
				8E88F57123855D160088426B /* Debug */,
				8E88F57223855D160088426B /* Release */,
			);
			defaultConfigurationIsVisible = 0;
			defaultConfigurationName = Release;
		};
		8E88F57323855D160088426B /* Build configuration list for PBXNativeTarget "Landmarks" */ = {
			isa = XCConfigurationList;
			buildConfigurations = (
				8E88F57423855D160088426B /* Debug */,
				8E88F57523855D160088426B /* Release */,
			);
			defaultConfigurationIsVisible = 0;
			defaultConfigurationName = Release;
		};
		8E88F57623855D160088426B /* Build configuration list for PBXNativeTarget "LandmarksTests" */ = {
			isa = XCConfigurationList;
			buildConfigurations = (
				8E88F57723855D160088426B /* Debug */,
				8E88F57823855D160088426B /* Release */,
			);
			defaultConfigurationIsVisible = 0;
			defaultConfigurationName = Release;
		};
		8E88F57923855D160088426B /* Build configuration list for PBXNativeTarget "LandmarksUITests" */ = {
			isa = XCConfigurationList;
			buildConfigurations = (
				8E88F57A23855D160088426B /* Debug */,
				8E88F57B23855D160088426B /* Release */,
			);
			defaultConfigurationIsVisible = 0;
			defaultConfigurationName = Release;
		};
/* End XCConfigurationList section */
	};
	rootObject = 8E88F54123855D110088426B /* Project object */;
}
